
Microsoft Visual Studio Solution File, Format Version 12.00
# Visual Studio 2013
VisualStudioVersion = 12.0.30501.0
MinimumVisualStudioVersion = 10.0.40219.1
Project("{2150E333-8FDC-42A3-9474-1A3956D46DE8}") = "Документы", "Документы", "{266DD33B-FF58-4E01-9DDE-423CE3DE101E}"
	ProjectSection(SolutionItems) = preProject
		Документы\Модель.vpp = Документы\Модель.vpp
	EndProjectSection
EndProject
Project("{2150E333-8FDC-42A3-9474-1A3956D46DE8}") = "Solution Items", "Solution Items", "{E7FE7568-C5AB-44CA-AE18-27D44225A6B9}"
	ProjectSection(SolutionItems) = preProject
		Local.testsettings = Local.testsettings
		MContracts2.vsmdi = MContracts2.vsmdi
		MContracts3.vsmdi = MContracts3.vsmdi
		MContracts4.vsmdi = MContracts4.vsmdi
		Performance1.psess = Performance1.psess
	EndProjectSection
EndProject
Project("{2150E333-8FDC-42A3-9474-1A3956D46DE8}") = "Lib", "Lib", "{2B54E130-2965-4B63-A48B-9F4D36226E0D}"
	ProjectSection(SolutionItems) = preProject
		Lib\Devart.Data.dll = Lib\Devart.Data.dll
		Lib\Devart.Data.Linq.dll = Lib\Devart.Data.Linq.dll
		Lib\Devart.Data.Oracle.dll = Lib\Devart.Data.Oracle.dll
		Lib\Devart.Data.Oracle.Linq.dll = Lib\Devart.Data.Oracle.Linq.dll
		Lib\Microsoft.Practices.EnterpriseLibrary.Common.dll = Lib\Microsoft.Practices.EnterpriseLibrary.Common.dll
		Lib\Microsoft.Practices.EnterpriseLibrary.ExceptionHandling.dll = Lib\Microsoft.Practices.EnterpriseLibrary.ExceptionHandling.dll
		Lib\Microsoft.Practices.EnterpriseLibrary.ExceptionHandling.Logging.dll = Lib\Microsoft.Practices.EnterpriseLibrary.ExceptionHandling.Logging.dll
		Lib\Microsoft.Practices.EnterpriseLibrary.Logging.dll = Lib\Microsoft.Practices.EnterpriseLibrary.Logging.dll
		Lib\Microsoft.Practices.ServiceLocation.dll = Lib\Microsoft.Practices.ServiceLocation.dll
		Lib\Microsoft.Practices.Unity.Configuration.dll = Lib\Microsoft.Practices.Unity.Configuration.dll
		Lib\Microsoft.Practices.Unity.dll = Lib\Microsoft.Practices.Unity.dll
		Lib\Microsoft.Practices.Unity.Interception.dll = Lib\Microsoft.Practices.Unity.Interception.dll
		Lib\Moq.dll = Lib\Moq.dll
		Lib\Ninject.dll = Lib\Ninject.dll
		Lib\PostSharp.dll = Lib\PostSharp.dll
		Lib\TaskDialog.dll = Lib\TaskDialog.dll
		Lib\Telerik.Windows.Controls.Data.dll = Lib\Telerik.Windows.Controls.Data.dll
		Lib\Telerik.Windows.Controls.dll = Lib\Telerik.Windows.Controls.dll
		Lib\Telerik.Windows.Controls.GridView.dll = Lib\Telerik.Windows.Controls.GridView.dll
		Lib\Telerik.Windows.Controls.Input.dll = Lib\Telerik.Windows.Controls.Input.dll
		Lib\Telerik.Windows.Controls.Navigation.dll = Lib\Telerik.Windows.Controls.Navigation.dll
		Lib\Telerik.Windows.Controls.RibbonView.dll = Lib\Telerik.Windows.Controls.RibbonView.dll
		Lib\Telerik.Windows.Data.dll = Lib\Telerik.Windows.Data.dll
		Lib\WPFToolkit.Extended.dll = Lib\WPFToolkit.Extended.dll
	EndProjectSection
EndProject
Project("{FAE04EC0-301F-11D3-BF4B-00C04F79EFBC}") = "MContracts", "MContracts\MContracts.csproj", "{6AC2E2D8-5B71-4053-A46C-113823B8A239}"
	ProjectSection(ProjectDependencies) = postProject
		{05E9B516-6438-48C5-B334-3E8B2256E355} = {05E9B516-6438-48C5-B334-3E8B2256E355}
		{672E3BB7-35E3-43F0-95D1-3A0E15E6E502} = {672E3BB7-35E3-43F0-95D1-3A0E15E6E502}
		{4E41DDD6-86FA-4B0B-9062-241187E456F8} = {4E41DDD6-86FA-4B0B-9062-241187E456F8}
	EndProjectSection
EndProject
Project("{FAE04EC0-301F-11D3-BF4B-00C04F79EFBC}") = "MCDomain", "MCDomain\MCDomain.csproj", "{D21BB05A-0366-4123-8AB1-D433E494C00E}"
EndProject
Project("{FAE04EC0-301F-11D3-BF4B-00C04F79EFBC}") = "MediatorLib", "MediatorLib\MediatorLib.csproj", "{47500C2E-F8E7-4A5D-AA31-BAA2BF68D875}"
EndProject
Project("{218574D1-FF94-4B95-8577-A6D58C11C315}") = "UDDB", "UDDB\UDDB.oradbproj", "{B5E25DDF-AA7B-4AEC-9021-7A78AE68795E}"
EndProject
Project("{FAE04EC0-301F-11D3-BF4B-00C04F79EFBC}") = "AppExceptions", "AppExceptions\AppExceptions.csproj", "{9AE4C273-A775-45F0-B7C0-B2A0205B1C87}"
EndProject
Project("{FAE04EC0-301F-11D3-BF4B-00C04F79EFBC}") = "TaskDialog", "TaskDialog\TaskDialog\TaskDialog.csproj", "{7651326E-CB19-4D99-89B6-E9901ABEA69E}"
EndProject
Project("{FAE04EC0-301F-11D3-BF4B-00C04F79EFBC}") = "MCUITests", "MCUITests\MCUITests.csproj", "{EF48A5C4-BD48-4407-A650-9C8216CD5724}"
EndProject
Project("{FAE04EC0-301F-11D3-BF4B-00C04F79EFBC}") = "McReports", "McReports\McReports.csproj", "{05E9B516-6438-48C5-B334-3E8B2256E355}"
	ProjectSection(ProjectDependencies) = postProject
		{D21BB05A-0366-4123-8AB1-D433E494C00E} = {D21BB05A-0366-4123-8AB1-D433E494C00E}
	EndProjectSection
EndProject
Project("{FAE04EC0-301F-11D3-BF4B-00C04F79EFBC}") = "UIShared", "UIShared\UIShared.csproj", "{672E3BB7-35E3-43F0-95D1-3A0E15E6E502}"
	ProjectSection(ProjectDependencies) = postProject
		{47500C2E-F8E7-4A5D-AA31-BAA2BF68D875} = {47500C2E-F8E7-4A5D-AA31-BAA2BF68D875}
	EndProjectSection
EndProject
Project("{FAE04EC0-301F-11D3-BF4B-00C04F79EFBC}") = "CommonBase", "CommonBase\CommonBase.csproj", "{4E41DDD6-86FA-4B0B-9062-241187E456F8}"
EndProject
Project("{FAE04EC0-301F-11D3-BF4B-00C04F79EFBC}") = "McUIBase", "McUIBase\McUIBase.csproj", "{F08CDD18-A933-4D28-9388-9BA2208E6894}"
EndProject
Project("{FAE04EC0-301F-11D3-BF4B-00C04F79EFBC}") = "McReportsTests", "McReportsTests\McReportsTests.csproj", "{A6FBDCE8-CC67-4B70-80F0-8DE1CA5CF89D}"
EndProject
Project("{FAE04EC0-301F-11D3-BF4B-00C04F79EFBC}") = "McDomainTests", "McDomainTests\McDomainTests.csproj", "{3BB6F4F5-88DE-4E0F-B161-49FA1FB0E4A6}"
EndProject
Project("{FAE04EC0-301F-11D3-BF4B-00C04F79EFBC}") = "UISharedTests", "UISharedTests\UISharedTests.csproj", "{033332E2-3824-4334-A670-11D1548BACF7}"
EndProject
Project("{FAE04EC0-301F-11D3-BF4B-00C04F79EFBC}") = "CommonTests", "CommonTests\CommonTests.csproj", "{ED157C3E-AB25-4190-A11F-1BB614487189}"
EndProject
Project("{FAE04EC0-301F-11D3-BF4B-00C04F79EFBC}") = "UOW", "UOW\UOW.csproj", "{CE8FA354-321F-4EA1-933A-5444520D000E}"
EndProject
Project("{FAE04EC0-301F-11D3-BF4B-00C04F79EFBC}") = "LCUOF", "LCUOF\LCUOF.csproj", "{1B68E769-0122-467D-BED9-B5097C12D049}"
EndProject
Project("{FAE04EC0-301F-11D3-BF4B-00C04F79EFBC}") = "UOWTests", "UOFTests\UOWTests.csproj", "{8AB6D331-DF0A-4985-B98D-B4426C695880}"
EndProject
Global
	GlobalSection(TeamFoundationVersionControl) = preSolution
		SccNumberOfProjects = 19
		SccEnterpriseProvider = {4CA58AB2-18FA-4F8D-95D4-32DDF27D184C}
		SccTeamFoundationServer = https://taft.visualstudio.com/defaultcollection
		SccLocalPath0 = .
		SccProjectUniqueName1 = AppExceptions\\AppExceptions.csproj
		SccProjectTopLevelParentUniqueName1 = MContracts.sln
		SccProjectName1 = AppExceptions
		SccLocalPath1 = AppExceptions
		SccProjectUniqueName2 = CommonBase\\CommonBase.csproj
		SccProjectName2 = CommonBase
		SccLocalPath2 = CommonBase
		SccProjectUniqueName3 = MCDomain\\MCDomain.csproj
		SccProjectName3 = MCDomain
		SccLocalPath3 = MCDomain
		SccProjectUniqueName4 = MContracts\\MContracts.csproj
		SccProjectName4 = MContracts
		SccLocalPath4 = MContracts
		SccProjectUniqueName5 = McReports\\McReports.csproj
		SccProjectName5 = McReports
		SccLocalPath5 = McReports
		SccProjectUniqueName6 = McReportsTests\\McReportsTests.csproj
		SccProjectName6 = McReportsTests
		SccLocalPath6 = McReportsTests
		SccProjectUniqueName7 = McUIBase\\McUIBase.csproj
		SccProjectName7 = McUIBase
		SccLocalPath7 = McUIBase
		SccProjectUniqueName8 = MCUITests\\MCUITests.csproj
		SccProjectName8 = MCUITests
		SccLocalPath8 = MCUITests
		SccProjectUniqueName9 = MediatorLib\\MediatorLib.csproj
		SccProjectName9 = MediatorLib
		SccLocalPath9 = MediatorLib
		SccProjectUniqueName10 = TaskDialog\\TaskDialog\\TaskDialog.csproj
		SccProjectName10 = TaskDialog/TaskDialog
		SccLocalPath10 = TaskDialog\\TaskDialog
		SccProjectUniqueName11 = UDDB\\UDDB.oradbproj
		SccProjectName11 = UDDB
		SccLocalPath11 = UDDB
		SccProjectUniqueName12 = UIShared\\UIShared.csproj
		SccProjectName12 = UIShared
		SccLocalPath12 = UIShared
		SccProjectUniqueName13 = McDomainTests\\McDomainTests.csproj
		SccProjectName13 = McDomainTests
		SccLocalPath13 = McDomainTests
		SccProjectUniqueName14 = UISharedTests\\UISharedTests.csproj
		SccProjectName14 = UISharedTests
		SccLocalPath14 = UISharedTests
		SccProjectUniqueName15 = CommonTests\\CommonTests.csproj
		SccProjectName15 = CommonTests
		SccLocalPath15 = CommonTests
		SccProjectUniqueName16 = UOW\\UOW.csproj
		SccProjectName16 = UOW
		SccLocalPath16 = UOW
		SccProjectUniqueName17 = LCUOF\\LCUOF.csproj
		SccProjectName17 = LCUOF
		SccLocalPath17 = LCUOF
		SccProjectUniqueName18 = UOFTests\\UOWTests.csproj
		SccProjectName18 = UOFTests
		SccLocalPath18 = UOFTests
	EndGlobalSection
	GlobalSection(SolutionConfigurationPlatforms) = preSolution
		CD_ROM|Any CPU = CD_ROM|Any CPU
		CD_ROM|Mixed Platforms = CD_ROM|Mixed Platforms
		CD_ROM|x86 = CD_ROM|x86
		Debug|Any CPU = Debug|Any CPU
		Debug|Mixed Platforms = Debug|Mixed Platforms
		Debug|x86 = Debug|x86
		DVD-5|Any CPU = DVD-5|Any CPU
		DVD-5|Mixed Platforms = DVD-5|Mixed Platforms
		DVD-5|x86 = DVD-5|x86
		Partial Debug|Any CPU = Partial Debug|Any CPU
		Partial Debug|Mixed Platforms = Partial Debug|Mixed Platforms
		Partial Debug|x86 = Partial Debug|x86
		Release|Any CPU = Release|Any CPU
		Release|Mixed Platforms = Release|Mixed Platforms
		Release|x86 = Release|x86
		SingleImage|Any CPU = SingleImage|Any CPU
		SingleImage|Mixed Platforms = SingleImage|Mixed Platforms
		SingleImage|x86 = SingleImage|x86
	EndGlobalSection
	GlobalSection(ProjectConfigurationPlatforms) = postSolution
		{6AC2E2D8-5B71-4053-A46C-113823B8A239}.CD_ROM|Any CPU.ActiveCfg = Partial Debug|Any CPU
		{6AC2E2D8-5B71-4053-A46C-113823B8A239}.CD_ROM|Any CPU.Build.0 = Partial Debug|Any CPU
		{6AC2E2D8-5B71-4053-A46C-113823B8A239}.CD_ROM|Mixed Platforms.ActiveCfg = Partisl Build|x86
		{6AC2E2D8-5B71-4053-A46C-113823B8A239}.CD_ROM|Mixed Platforms.Build.0 = Partisl Build|x86
		{6AC2E2D8-5B71-4053-A46C-113823B8A239}.CD_ROM|x86.ActiveCfg = Partisl Build|x86
		{6AC2E2D8-5B71-4053-A46C-113823B8A239}.CD_ROM|x86.Build.0 = Partisl Build|x86
		{6AC2E2D8-5B71-4053-A46C-113823B8A239}.Debug|Any CPU.ActiveCfg = Debug|Any CPU
		{6AC2E2D8-5B71-4053-A46C-113823B8A239}.Debug|Any CPU.Build.0 = Debug|Any CPU
		{6AC2E2D8-5B71-4053-A46C-113823B8A239}.Debug|Mixed Platforms.ActiveCfg = Debug|x86
		{6AC2E2D8-5B71-4053-A46C-113823B8A239}.Debug|Mixed Platforms.Build.0 = Debug|x86
		{6AC2E2D8-5B71-4053-A46C-113823B8A239}.Debug|x86.ActiveCfg = Debug|x86
		{6AC2E2D8-5B71-4053-A46C-113823B8A239}.Debug|x86.Build.0 = Debug|x86
		{6AC2E2D8-5B71-4053-A46C-113823B8A239}.Debug|x86.Deploy.0 = Debug|x86
		{6AC2E2D8-5B71-4053-A46C-113823B8A239}.DVD-5|Any CPU.ActiveCfg = Debug|Any CPU
		{6AC2E2D8-5B71-4053-A46C-113823B8A239}.DVD-5|Any CPU.Build.0 = Debug|Any CPU
		{6AC2E2D8-5B71-4053-A46C-113823B8A239}.DVD-5|Mixed Platforms.ActiveCfg = Debug|x86
		{6AC2E2D8-5B71-4053-A46C-113823B8A239}.DVD-5|Mixed Platforms.Build.0 = Debug|x86
		{6AC2E2D8-5B71-4053-A46C-113823B8A239}.DVD-5|x86.ActiveCfg = Debug|x86
		{6AC2E2D8-5B71-4053-A46C-113823B8A239}.DVD-5|x86.Build.0 = Debug|x86
		{6AC2E2D8-5B71-4053-A46C-113823B8A239}.Partial Debug|Any CPU.ActiveCfg = Partial Debug|x86
		{6AC2E2D8-5B71-4053-A46C-113823B8A239}.Partial Debug|Mixed Platforms.ActiveCfg = Partial Debug|x86
		{6AC2E2D8-5B71-4053-A46C-113823B8A239}.Partial Debug|Mixed Platforms.Build.0 = Partial Debug|x86
		{6AC2E2D8-5B71-4053-A46C-113823B8A239}.Partial Debug|x86.ActiveCfg = Partial Debug|x86
		{6AC2E2D8-5B71-4053-A46C-113823B8A239}.Partial Debug|x86.Build.0 = Partial Debug|x86
		{6AC2E2D8-5B71-4053-A46C-113823B8A239}.Release|Any CPU.ActiveCfg = Release|x86
		{6AC2E2D8-5B71-4053-A46C-113823B8A239}.Release|Mixed Platforms.ActiveCfg = Release|x86
		{6AC2E2D8-5B71-4053-A46C-113823B8A239}.Release|Mixed Platforms.Build.0 = Release|x86
		{6AC2E2D8-5B71-4053-A46C-113823B8A239}.Release|x86.ActiveCfg = Release|x86
		{6AC2E2D8-5B71-4053-A46C-113823B8A239}.Release|x86.Build.0 = Release|x86
		{6AC2E2D8-5B71-4053-A46C-113823B8A239}.SingleImage|Any CPU.ActiveCfg = Partial Debug|Any CPU
		{6AC2E2D8-5B71-4053-A46C-113823B8A239}.SingleImage|Any CPU.Build.0 = Partial Debug|Any CPU
		{6AC2E2D8-5B71-4053-A46C-113823B8A239}.SingleImage|Mixed Platforms.ActiveCfg = Partisl Build|x86
		{6AC2E2D8-5B71-4053-A46C-113823B8A239}.SingleImage|Mixed Platforms.Build.0 = Partisl Build|x86
		{6AC2E2D8-5B71-4053-A46C-113823B8A239}.SingleImage|x86.ActiveCfg = Partisl Build|x86
		{6AC2E2D8-5B71-4053-A46C-113823B8A239}.SingleImage|x86.Build.0 = Partisl Build|x86
		{D21BB05A-0366-4123-8AB1-D433E494C00E}.CD_ROM|Any CPU.ActiveCfg = Partisl Build|Any CPU
		{D21BB05A-0366-4123-8AB1-D433E494C00E}.CD_ROM|Any CPU.Build.0 = Partisl Build|Any CPU
		{D21BB05A-0366-4123-8AB1-D433E494C00E}.CD_ROM|Mixed Platforms.ActiveCfg = Partisl Build|x86
		{D21BB05A-0366-4123-8AB1-D433E494C00E}.CD_ROM|Mixed Platforms.Build.0 = Partisl Build|x86
		{D21BB05A-0366-4123-8AB1-D433E494C00E}.CD_ROM|x86.ActiveCfg = Partisl Build|x86
		{D21BB05A-0366-4123-8AB1-D433E494C00E}.CD_ROM|x86.Build.0 = Partisl Build|x86
		{D21BB05A-0366-4123-8AB1-D433E494C00E}.Debug|Any CPU.ActiveCfg = Debug|Any CPU
		{D21BB05A-0366-4123-8AB1-D433E494C00E}.Debug|Any CPU.Build.0 = Debug|Any CPU
		{D21BB05A-0366-4123-8AB1-D433E494C00E}.Debug|Mixed Platforms.ActiveCfg = Debug|Any CPU
		{D21BB05A-0366-4123-8AB1-D433E494C00E}.Debug|Mixed Platforms.Build.0 = Debug|Any CPU
		{D21BB05A-0366-4123-8AB1-D433E494C00E}.Debug|x86.ActiveCfg = Debug|x86
		{D21BB05A-0366-4123-8AB1-D433E494C00E}.Debug|x86.Build.0 = Debug|x86
		{D21BB05A-0366-4123-8AB1-D433E494C00E}.DVD-5|Any CPU.ActiveCfg = Debug|Any CPU
		{D21BB05A-0366-4123-8AB1-D433E494C00E}.DVD-5|Any CPU.Build.0 = Debug|Any CPU
		{D21BB05A-0366-4123-8AB1-D433E494C00E}.DVD-5|Mixed Platforms.ActiveCfg = Debug|x86
		{D21BB05A-0366-4123-8AB1-D433E494C00E}.DVD-5|Mixed Platforms.Build.0 = Debug|x86
		{D21BB05A-0366-4123-8AB1-D433E494C00E}.DVD-5|x86.ActiveCfg = Debug|x86
		{D21BB05A-0366-4123-8AB1-D433E494C00E}.DVD-5|x86.Build.0 = Debug|x86
		{D21BB05A-0366-4123-8AB1-D433E494C00E}.Partial Debug|Any CPU.ActiveCfg = Partial Debug|Any CPU
		{D21BB05A-0366-4123-8AB1-D433E494C00E}.Partial Debug|Any CPU.Build.0 = Partial Debug|Any CPU
		{D21BB05A-0366-4123-8AB1-D433E494C00E}.Partial Debug|Mixed Platforms.ActiveCfg = Partial Debug|x86
		{D21BB05A-0366-4123-8AB1-D433E494C00E}.Partial Debug|Mixed Platforms.Build.0 = Partial Debug|x86
		{D21BB05A-0366-4123-8AB1-D433E494C00E}.Partial Debug|x86.ActiveCfg = Partial Debug|x86
		{D21BB05A-0366-4123-8AB1-D433E494C00E}.Partial Debug|x86.Build.0 = Partial Debug|x86
		{D21BB05A-0366-4123-8AB1-D433E494C00E}.Release|Any CPU.ActiveCfg = Release|Any CPU
		{D21BB05A-0366-4123-8AB1-D433E494C00E}.Release|Any CPU.Build.0 = Release|Any CPU
		{D21BB05A-0366-4123-8AB1-D433E494C00E}.Release|Mixed Platforms.ActiveCfg = Release|Any CPU
		{D21BB05A-0366-4123-8AB1-D433E494C00E}.Release|Mixed Platforms.Build.0 = Release|Any CPU
		{D21BB05A-0366-4123-8AB1-D433E494C00E}.Release|x86.ActiveCfg = Release|Any CPU
		{D21BB05A-0366-4123-8AB1-D433E494C00E}.Release|x86.Build.0 = Release|Any CPU
		{D21BB05A-0366-4123-8AB1-D433E494C00E}.SingleImage|Any CPU.ActiveCfg = Partisl Build|Any CPU
		{D21BB05A-0366-4123-8AB1-D433E494C00E}.SingleImage|Any CPU.Build.0 = Partisl Build|Any CPU
		{D21BB05A-0366-4123-8AB1-D433E494C00E}.SingleImage|Mixed Platforms.ActiveCfg = Partisl Build|x86
		{D21BB05A-0366-4123-8AB1-D433E494C00E}.SingleImage|Mixed Platforms.Build.0 = Partisl Build|x86
		{D21BB05A-0366-4123-8AB1-D433E494C00E}.SingleImage|x86.ActiveCfg = Partisl Build|x86
		{D21BB05A-0366-4123-8AB1-D433E494C00E}.SingleImage|x86.Build.0 = Partisl Build|x86
		{47500C2E-F8E7-4A5D-AA31-BAA2BF68D875}.CD_ROM|Any CPU.ActiveCfg = Partisl Build|Any CPU
		{47500C2E-F8E7-4A5D-AA31-BAA2BF68D875}.CD_ROM|Any CPU.Build.0 = Partisl Build|Any CPU
		{47500C2E-F8E7-4A5D-AA31-BAA2BF68D875}.CD_ROM|Mixed Platforms.ActiveCfg = Partisl Build|x86
		{47500C2E-F8E7-4A5D-AA31-BAA2BF68D875}.CD_ROM|Mixed Platforms.Build.0 = Partisl Build|x86
		{47500C2E-F8E7-4A5D-AA31-BAA2BF68D875}.CD_ROM|x86.ActiveCfg = Partisl Build|x86
		{47500C2E-F8E7-4A5D-AA31-BAA2BF68D875}.CD_ROM|x86.Build.0 = Partisl Build|x86
		{47500C2E-F8E7-4A5D-AA31-BAA2BF68D875}.Debug|Any CPU.ActiveCfg = Debug|Any CPU
		{47500C2E-F8E7-4A5D-AA31-BAA2BF68D875}.Debug|Any CPU.Build.0 = Debug|Any CPU
		{47500C2E-F8E7-4A5D-AA31-BAA2BF68D875}.Debug|Mixed Platforms.ActiveCfg = Debug|Any CPU
		{47500C2E-F8E7-4A5D-AA31-BAA2BF68D875}.Debug|Mixed Platforms.Build.0 = Debug|Any CPU
		{47500C2E-F8E7-4A5D-AA31-BAA2BF68D875}.Debug|x86.ActiveCfg = Debug|x86
		{47500C2E-F8E7-4A5D-AA31-BAA2BF68D875}.Debug|x86.Build.0 = Debug|x86
		{47500C2E-F8E7-4A5D-AA31-BAA2BF68D875}.DVD-5|Any CPU.ActiveCfg = Debug|Any CPU
		{47500C2E-F8E7-4A5D-AA31-BAA2BF68D875}.DVD-5|Any CPU.Build.0 = Debug|Any CPU
		{47500C2E-F8E7-4A5D-AA31-BAA2BF68D875}.DVD-5|Mixed Platforms.ActiveCfg = Debug|x86
		{47500C2E-F8E7-4A5D-AA31-BAA2BF68D875}.DVD-5|Mixed Platforms.Build.0 = Debug|x86
		{47500C2E-F8E7-4A5D-AA31-BAA2BF68D875}.DVD-5|x86.ActiveCfg = Debug|x86
		{47500C2E-F8E7-4A5D-AA31-BAA2BF68D875}.DVD-5|x86.Build.0 = Debug|x86
		{47500C2E-F8E7-4A5D-AA31-BAA2BF68D875}.Partial Debug|Any CPU.ActiveCfg = Partial Debug|Any CPU
		{47500C2E-F8E7-4A5D-AA31-BAA2BF68D875}.Partial Debug|Mixed Platforms.ActiveCfg = Partial Debug|x86
		{47500C2E-F8E7-4A5D-AA31-BAA2BF68D875}.Partial Debug|Mixed Platforms.Build.0 = Partial Debug|x86
		{47500C2E-F8E7-4A5D-AA31-BAA2BF68D875}.Partial Debug|x86.ActiveCfg = Partial Debug|x86
		{47500C2E-F8E7-4A5D-AA31-BAA2BF68D875}.Partial Debug|x86.Build.0 = Partial Debug|x86
		{47500C2E-F8E7-4A5D-AA31-BAA2BF68D875}.Release|Any CPU.ActiveCfg = Release|Any CPU
		{47500C2E-F8E7-4A5D-AA31-BAA2BF68D875}.Release|Any CPU.Build.0 = Release|Any CPU
		{47500C2E-F8E7-4A5D-AA31-BAA2BF68D875}.Release|Mixed Platforms.ActiveCfg = Release|Any CPU
		{47500C2E-F8E7-4A5D-AA31-BAA2BF68D875}.Release|Mixed Platforms.Build.0 = Release|Any CPU
		{47500C2E-F8E7-4A5D-AA31-BAA2BF68D875}.Release|x86.ActiveCfg = Release|Any CPU
		{47500C2E-F8E7-4A5D-AA31-BAA2BF68D875}.Release|x86.Build.0 = Release|Any CPU
		{47500C2E-F8E7-4A5D-AA31-BAA2BF68D875}.SingleImage|Any CPU.ActiveCfg = Partisl Build|Any CPU
		{47500C2E-F8E7-4A5D-AA31-BAA2BF68D875}.SingleImage|Any CPU.Build.0 = Partisl Build|Any CPU
		{47500C2E-F8E7-4A5D-AA31-BAA2BF68D875}.SingleImage|Mixed Platforms.ActiveCfg = Partisl Build|x86
		{47500C2E-F8E7-4A5D-AA31-BAA2BF68D875}.SingleImage|Mixed Platforms.Build.0 = Partisl Build|x86
		{47500C2E-F8E7-4A5D-AA31-BAA2BF68D875}.SingleImage|x86.ActiveCfg = Partisl Build|x86
		{47500C2E-F8E7-4A5D-AA31-BAA2BF68D875}.SingleImage|x86.Build.0 = Partisl Build|x86
		{B5E25DDF-AA7B-4AEC-9021-7A78AE68795E}.CD_ROM|Any CPU.ActiveCfg = Partisl Build|x86
		{B5E25DDF-AA7B-4AEC-9021-7A78AE68795E}.CD_ROM|Mixed Platforms.ActiveCfg = Partisl Build|x86
		{B5E25DDF-AA7B-4AEC-9021-7A78AE68795E}.CD_ROM|Mixed Platforms.Build.0 = Partisl Build|x86
		{B5E25DDF-AA7B-4AEC-9021-7A78AE68795E}.CD_ROM|x86.ActiveCfg = Partisl Build|x86
		{B5E25DDF-AA7B-4AEC-9021-7A78AE68795E}.CD_ROM|x86.Build.0 = Partisl Build|x86
		{B5E25DDF-AA7B-4AEC-9021-7A78AE68795E}.Debug|Any CPU.ActiveCfg = Partial Debug|x86
		{B5E25DDF-AA7B-4AEC-9021-7A78AE68795E}.Debug|Mixed Platforms.ActiveCfg = Partial Debug|x86
		{B5E25DDF-AA7B-4AEC-9021-7A78AE68795E}.Debug|x86.ActiveCfg = Partisl Build|x86
		{B5E25DDF-AA7B-4AEC-9021-7A78AE68795E}.DVD-5|Any CPU.ActiveCfg = Partisl Build|x86
		{B5E25DDF-AA7B-4AEC-9021-7A78AE68795E}.DVD-5|Mixed Platforms.ActiveCfg = Partisl Build|x86
		{B5E25DDF-AA7B-4AEC-9021-7A78AE68795E}.DVD-5|Mixed Platforms.Build.0 = Partisl Build|x86
		{B5E25DDF-AA7B-4AEC-9021-7A78AE68795E}.DVD-5|x86.ActiveCfg = Partisl Build|x86
		{B5E25DDF-AA7B-4AEC-9021-7A78AE68795E}.DVD-5|x86.Build.0 = Partisl Build|x86
		{B5E25DDF-AA7B-4AEC-9021-7A78AE68795E}.Partial Debug|Any CPU.ActiveCfg = Partial Debug|x86
		{B5E25DDF-AA7B-4AEC-9021-7A78AE68795E}.Partial Debug|Mixed Platforms.ActiveCfg = Partial Debug|x86
		{B5E25DDF-AA7B-4AEC-9021-7A78AE68795E}.Partial Debug|x86.ActiveCfg = Partial Debug|x86
		{B5E25DDF-AA7B-4AEC-9021-7A78AE68795E}.Release|Any CPU.ActiveCfg = Partisl Build|x86
		{B5E25DDF-AA7B-4AEC-9021-7A78AE68795E}.Release|Mixed Platforms.ActiveCfg = Partial Debug|x86
		{B5E25DDF-AA7B-4AEC-9021-7A78AE68795E}.Release|x86.ActiveCfg = Partial Debug|x86
		{B5E25DDF-AA7B-4AEC-9021-7A78AE68795E}.SingleImage|Any CPU.ActiveCfg = Partisl Build|x86
		{B5E25DDF-AA7B-4AEC-9021-7A78AE68795E}.SingleImage|Mixed Platforms.ActiveCfg = Partisl Build|x86
		{B5E25DDF-AA7B-4AEC-9021-7A78AE68795E}.SingleImage|Mixed Platforms.Build.0 = Partisl Build|x86
		{B5E25DDF-AA7B-4AEC-9021-7A78AE68795E}.SingleImage|x86.ActiveCfg = Partisl Build|x86
		{B5E25DDF-AA7B-4AEC-9021-7A78AE68795E}.SingleImage|x86.Build.0 = Partisl Build|x86
		{9AE4C273-A775-45F0-B7C0-B2A0205B1C87}.CD_ROM|Any CPU.ActiveCfg = Partisl Build|Any CPU
		{9AE4C273-A775-45F0-B7C0-B2A0205B1C87}.CD_ROM|Any CPU.Build.0 = Partisl Build|Any CPU
		{9AE4C273-A775-45F0-B7C0-B2A0205B1C87}.CD_ROM|Mixed Platforms.ActiveCfg = Partisl Build|x86
		{9AE4C273-A775-45F0-B7C0-B2A0205B1C87}.CD_ROM|Mixed Platforms.Build.0 = Partisl Build|x86
		{9AE4C273-A775-45F0-B7C0-B2A0205B1C87}.CD_ROM|x86.ActiveCfg = Partisl Build|x86
		{9AE4C273-A775-45F0-B7C0-B2A0205B1C87}.CD_ROM|x86.Build.0 = Partisl Build|x86
		{9AE4C273-A775-45F0-B7C0-B2A0205B1C87}.Debug|Any CPU.ActiveCfg = Debug|Any CPU
		{9AE4C273-A775-45F0-B7C0-B2A0205B1C87}.Debug|Any CPU.Build.0 = Debug|Any CPU
		{9AE4C273-A775-45F0-B7C0-B2A0205B1C87}.Debug|Mixed Platforms.ActiveCfg = Debug|Any CPU
		{9AE4C273-A775-45F0-B7C0-B2A0205B1C87}.Debug|Mixed Platforms.Build.0 = Debug|Any CPU
		{9AE4C273-A775-45F0-B7C0-B2A0205B1C87}.Debug|x86.ActiveCfg = Debug|x86
		{9AE4C273-A775-45F0-B7C0-B2A0205B1C87}.Debug|x86.Build.0 = Debug|x86
		{9AE4C273-A775-45F0-B7C0-B2A0205B1C87}.DVD-5|Any CPU.ActiveCfg = Debug|Any CPU
		{9AE4C273-A775-45F0-B7C0-B2A0205B1C87}.DVD-5|Any CPU.Build.0 = Debug|Any CPU
		{9AE4C273-A775-45F0-B7C0-B2A0205B1C87}.DVD-5|Mixed Platforms.ActiveCfg = Debug|x86
		{9AE4C273-A775-45F0-B7C0-B2A0205B1C87}.DVD-5|Mixed Platforms.Build.0 = Debug|x86
		{9AE4C273-A775-45F0-B7C0-B2A0205B1C87}.DVD-5|x86.ActiveCfg = Debug|x86
		{9AE4C273-A775-45F0-B7C0-B2A0205B1C87}.DVD-5|x86.Build.0 = Debug|x86
		{9AE4C273-A775-45F0-B7C0-B2A0205B1C87}.Partial Debug|Any CPU.ActiveCfg = Partial Debug|Any CPU
		{9AE4C273-A775-45F0-B7C0-B2A0205B1C87}.Partial Debug|Mixed Platforms.ActiveCfg = Partial Debug|x86
		{9AE4C273-A775-45F0-B7C0-B2A0205B1C87}.Partial Debug|Mixed Platforms.Build.0 = Partial Debug|x86
		{9AE4C273-A775-45F0-B7C0-B2A0205B1C87}.Partial Debug|x86.ActiveCfg = Partial Debug|x86
		{9AE4C273-A775-45F0-B7C0-B2A0205B1C87}.Partial Debug|x86.Build.0 = Partial Debug|x86
		{9AE4C273-A775-45F0-B7C0-B2A0205B1C87}.Release|Any CPU.ActiveCfg = Release|Any CPU
		{9AE4C273-A775-45F0-B7C0-B2A0205B1C87}.Release|Any CPU.Build.0 = Release|Any CPU
		{9AE4C273-A775-45F0-B7C0-B2A0205B1C87}.Release|Mixed Platforms.ActiveCfg = Release|Any CPU
		{9AE4C273-A775-45F0-B7C0-B2A0205B1C87}.Release|Mixed Platforms.Build.0 = Release|Any CPU
		{9AE4C273-A775-45F0-B7C0-B2A0205B1C87}.Release|x86.ActiveCfg = Release|Any CPU
		{9AE4C273-A775-45F0-B7C0-B2A0205B1C87}.Release|x86.Build.0 = Release|Any CPU
		{9AE4C273-A775-45F0-B7C0-B2A0205B1C87}.SingleImage|Any CPU.ActiveCfg = Partisl Build|Any CPU
		{9AE4C273-A775-45F0-B7C0-B2A0205B1C87}.SingleImage|Any CPU.Build.0 = Partisl Build|Any CPU
		{9AE4C273-A775-45F0-B7C0-B2A0205B1C87}.SingleImage|Mixed Platforms.ActiveCfg = Partisl Build|x86
		{9AE4C273-A775-45F0-B7C0-B2A0205B1C87}.SingleImage|Mixed Platforms.Build.0 = Partisl Build|x86
		{9AE4C273-A775-45F0-B7C0-B2A0205B1C87}.SingleImage|x86.ActiveCfg = Partisl Build|x86
		{9AE4C273-A775-45F0-B7C0-B2A0205B1C87}.SingleImage|x86.Build.0 = Partisl Build|x86
		{7651326E-CB19-4D99-89B6-E9901ABEA69E}.CD_ROM|Any CPU.ActiveCfg = Partisl Build|Any CPU
		{7651326E-CB19-4D99-89B6-E9901ABEA69E}.CD_ROM|Any CPU.Build.0 = Partisl Build|Any CPU
		{7651326E-CB19-4D99-89B6-E9901ABEA69E}.CD_ROM|Mixed Platforms.ActiveCfg = Partisl Build|x86
		{7651326E-CB19-4D99-89B6-E9901ABEA69E}.CD_ROM|Mixed Platforms.Build.0 = Partisl Build|x86
		{7651326E-CB19-4D99-89B6-E9901ABEA69E}.CD_ROM|x86.ActiveCfg = Partisl Build|x86
		{7651326E-CB19-4D99-89B6-E9901ABEA69E}.CD_ROM|x86.Build.0 = Partisl Build|x86
		{7651326E-CB19-4D99-89B6-E9901ABEA69E}.Debug|Any CPU.ActiveCfg = Debug|Any CPU
		{7651326E-CB19-4D99-89B6-E9901ABEA69E}.Debug|Any CPU.Build.0 = Debug|Any CPU
		{7651326E-CB19-4D99-89B6-E9901ABEA69E}.Debug|Mixed Platforms.ActiveCfg = Debug|Any CPU
		{7651326E-CB19-4D99-89B6-E9901ABEA69E}.Debug|Mixed Platforms.Build.0 = Debug|Any CPU
		{7651326E-CB19-4D99-89B6-E9901ABEA69E}.Debug|x86.ActiveCfg = Debug|x86
		{7651326E-CB19-4D99-89B6-E9901ABEA69E}.Debug|x86.Build.0 = Debug|x86
		{7651326E-CB19-4D99-89B6-E9901ABEA69E}.DVD-5|Any CPU.ActiveCfg = Debug|Any CPU
		{7651326E-CB19-4D99-89B6-E9901ABEA69E}.DVD-5|Any CPU.Build.0 = Debug|Any CPU
		{7651326E-CB19-4D99-89B6-E9901ABEA69E}.DVD-5|Mixed Platforms.ActiveCfg = Debug|x86
		{7651326E-CB19-4D99-89B6-E9901ABEA69E}.DVD-5|Mixed Platforms.Build.0 = Debug|x86
		{7651326E-CB19-4D99-89B6-E9901ABEA69E}.DVD-5|x86.ActiveCfg = Debug|x86
		{7651326E-CB19-4D99-89B6-E9901ABEA69E}.DVD-5|x86.Build.0 = Debug|x86
		{7651326E-CB19-4D99-89B6-E9901ABEA69E}.Partial Debug|Any CPU.ActiveCfg = Partial Debug|Any CPU
		{7651326E-CB19-4D99-89B6-E9901ABEA69E}.Partial Debug|Mixed Platforms.ActiveCfg = Partial Debug|x86
		{7651326E-CB19-4D99-89B6-E9901ABEA69E}.Partial Debug|Mixed Platforms.Build.0 = Partial Debug|x86
		{7651326E-CB19-4D99-89B6-E9901ABEA69E}.Partial Debug|x86.ActiveCfg = Partial Debug|x86
		{7651326E-CB19-4D99-89B6-E9901ABEA69E}.Partial Debug|x86.Build.0 = Partial Debug|x86
		{7651326E-CB19-4D99-89B6-E9901ABEA69E}.Release|Any CPU.ActiveCfg = Release|Any CPU
		{7651326E-CB19-4D99-89B6-E9901ABEA69E}.Release|Any CPU.Build.0 = Release|Any CPU
		{7651326E-CB19-4D99-89B6-E9901ABEA69E}.Release|Mixed Platforms.ActiveCfg = Release|Any CPU
		{7651326E-CB19-4D99-89B6-E9901ABEA69E}.Release|Mixed Platforms.Build.0 = Release|Any CPU
		{7651326E-CB19-4D99-89B6-E9901ABEA69E}.Release|x86.ActiveCfg = Release|Any CPU
		{7651326E-CB19-4D99-89B6-E9901ABEA69E}.Release|x86.Build.0 = Release|Any CPU
		{7651326E-CB19-4D99-89B6-E9901ABEA69E}.SingleImage|Any CPU.ActiveCfg = Partisl Build|Any CPU
		{7651326E-CB19-4D99-89B6-E9901ABEA69E}.SingleImage|Any CPU.Build.0 = Partisl Build|Any CPU
		{7651326E-CB19-4D99-89B6-E9901ABEA69E}.SingleImage|Mixed Platforms.ActiveCfg = Partisl Build|x86
		{7651326E-CB19-4D99-89B6-E9901ABEA69E}.SingleImage|Mixed Platforms.Build.0 = Partisl Build|x86
		{7651326E-CB19-4D99-89B6-E9901ABEA69E}.SingleImage|x86.ActiveCfg = Partisl Build|x86
		{7651326E-CB19-4D99-89B6-E9901ABEA69E}.SingleImage|x86.Build.0 = Partisl Build|x86
		{EF48A5C4-BD48-4407-A650-9C8216CD5724}.CD_ROM|Any CPU.ActiveCfg = Partisl Build|Any CPU
		{EF48A5C4-BD48-4407-A650-9C8216CD5724}.CD_ROM|Any CPU.Build.0 = Partisl Build|Any CPU
		{EF48A5C4-BD48-4407-A650-9C8216CD5724}.CD_ROM|Mixed Platforms.ActiveCfg = Partisl Build|x86
		{EF48A5C4-BD48-4407-A650-9C8216CD5724}.CD_ROM|Mixed Platforms.Build.0 = Partisl Build|x86
		{EF48A5C4-BD48-4407-A650-9C8216CD5724}.CD_ROM|x86.ActiveCfg = Partisl Build|x86
		{EF48A5C4-BD48-4407-A650-9C8216CD5724}.CD_ROM|x86.Build.0 = Partisl Build|x86
		{EF48A5C4-BD48-4407-A650-9C8216CD5724}.Debug|Any CPU.ActiveCfg = Debug|Any CPU
		{EF48A5C4-BD48-4407-A650-9C8216CD5724}.Debug|Any CPU.Build.0 = Debug|Any CPU
		{EF48A5C4-BD48-4407-A650-9C8216CD5724}.Debug|Mixed Platforms.ActiveCfg = Debug|Any CPU
		{EF48A5C4-BD48-4407-A650-9C8216CD5724}.Debug|Mixed Platforms.Build.0 = Debug|Any CPU
		{EF48A5C4-BD48-4407-A650-9C8216CD5724}.Debug|x86.ActiveCfg = Debug|x86
		{EF48A5C4-BD48-4407-A650-9C8216CD5724}.DVD-5|Any CPU.ActiveCfg = Debug|Any CPU
		{EF48A5C4-BD48-4407-A650-9C8216CD5724}.DVD-5|Any CPU.Build.0 = Debug|Any CPU
		{EF48A5C4-BD48-4407-A650-9C8216CD5724}.DVD-5|Mixed Platforms.ActiveCfg = Debug|x86
		{EF48A5C4-BD48-4407-A650-9C8216CD5724}.DVD-5|Mixed Platforms.Build.0 = Debug|x86
		{EF48A5C4-BD48-4407-A650-9C8216CD5724}.DVD-5|x86.ActiveCfg = Debug|x86
		{EF48A5C4-BD48-4407-A650-9C8216CD5724}.DVD-5|x86.Build.0 = Debug|x86
		{EF48A5C4-BD48-4407-A650-9C8216CD5724}.Partial Debug|Any CPU.ActiveCfg = Partial Debug|Any CPU
		{EF48A5C4-BD48-4407-A650-9C8216CD5724}.Partial Debug|Mixed Platforms.ActiveCfg = Partial Debug|x86
		{EF48A5C4-BD48-4407-A650-9C8216CD5724}.Partial Debug|Mixed Platforms.Build.0 = Partial Debug|x86
		{EF48A5C4-BD48-4407-A650-9C8216CD5724}.Partial Debug|x86.ActiveCfg = Partial Debug|x86
		{EF48A5C4-BD48-4407-A650-9C8216CD5724}.Partial Debug|x86.Build.0 = Partial Debug|x86
		{EF48A5C4-BD48-4407-A650-9C8216CD5724}.Release|Any CPU.ActiveCfg = Release|Any CPU
		{EF48A5C4-BD48-4407-A650-9C8216CD5724}.Release|Any CPU.Build.0 = Release|Any CPU
		{EF48A5C4-BD48-4407-A650-9C8216CD5724}.Release|Mixed Platforms.ActiveCfg = Release|Any CPU
		{EF48A5C4-BD48-4407-A650-9C8216CD5724}.Release|Mixed Platforms.Build.0 = Release|Any CPU
		{EF48A5C4-BD48-4407-A650-9C8216CD5724}.Release|x86.ActiveCfg = Release|Any CPU
		{EF48A5C4-BD48-4407-A650-9C8216CD5724}.SingleImage|Any CPU.ActiveCfg = Partisl Build|Any CPU
		{EF48A5C4-BD48-4407-A650-9C8216CD5724}.SingleImage|Any CPU.Build.0 = Partisl Build|Any CPU
		{EF48A5C4-BD48-4407-A650-9C8216CD5724}.SingleImage|Mixed Platforms.ActiveCfg = Partisl Build|x86
		{EF48A5C4-BD48-4407-A650-9C8216CD5724}.SingleImage|Mixed Platforms.Build.0 = Partisl Build|x86
		{EF48A5C4-BD48-4407-A650-9C8216CD5724}.SingleImage|x86.ActiveCfg = Partisl Build|x86
		{EF48A5C4-BD48-4407-A650-9C8216CD5724}.SingleImage|x86.Build.0 = Partisl Build|x86
		{05E9B516-6438-48C5-B334-3E8B2256E355}.CD_ROM|Any CPU.ActiveCfg = Partisl Build|Any CPU
		{05E9B516-6438-48C5-B334-3E8B2256E355}.CD_ROM|Any CPU.Build.0 = Partisl Build|Any CPU
		{05E9B516-6438-48C5-B334-3E8B2256E355}.CD_ROM|Mixed Platforms.ActiveCfg = Partisl Build|x86
		{05E9B516-6438-48C5-B334-3E8B2256E355}.CD_ROM|Mixed Platforms.Build.0 = Partisl Build|x86
		{05E9B516-6438-48C5-B334-3E8B2256E355}.CD_ROM|x86.ActiveCfg = Partisl Build|x86
		{05E9B516-6438-48C5-B334-3E8B2256E355}.CD_ROM|x86.Build.0 = Partisl Build|x86
		{05E9B516-6438-48C5-B334-3E8B2256E355}.Debug|Any CPU.ActiveCfg = Debug|Any CPU
		{05E9B516-6438-48C5-B334-3E8B2256E355}.Debug|Any CPU.Build.0 = Debug|Any CPU
		{05E9B516-6438-48C5-B334-3E8B2256E355}.Debug|Mixed Platforms.ActiveCfg = Debug|Any CPU
		{05E9B516-6438-48C5-B334-3E8B2256E355}.Debug|Mixed Platforms.Build.0 = Debug|Any CPU
		{05E9B516-6438-48C5-B334-3E8B2256E355}.Debug|x86.ActiveCfg = Debug|x86
		{05E9B516-6438-48C5-B334-3E8B2256E355}.Debug|x86.Build.0 = Debug|x86
		{05E9B516-6438-48C5-B334-3E8B2256E355}.DVD-5|Any CPU.ActiveCfg = Debug|Any CPU
		{05E9B516-6438-48C5-B334-3E8B2256E355}.DVD-5|Any CPU.Build.0 = Debug|Any CPU
		{05E9B516-6438-48C5-B334-3E8B2256E355}.DVD-5|Mixed Platforms.ActiveCfg = Debug|x86
		{05E9B516-6438-48C5-B334-3E8B2256E355}.DVD-5|Mixed Platforms.Build.0 = Debug|x86
		{05E9B516-6438-48C5-B334-3E8B2256E355}.DVD-5|x86.ActiveCfg = Debug|x86
		{05E9B516-6438-48C5-B334-3E8B2256E355}.DVD-5|x86.Build.0 = Debug|x86
		{05E9B516-6438-48C5-B334-3E8B2256E355}.Partial Debug|Any CPU.ActiveCfg = Partial Debug|Any CPU
		{05E9B516-6438-48C5-B334-3E8B2256E355}.Partial Debug|Any CPU.Build.0 = Partial Debug|Any CPU
		{05E9B516-6438-48C5-B334-3E8B2256E355}.Partial Debug|Mixed Platforms.ActiveCfg = Partial Debug|x86
		{05E9B516-6438-48C5-B334-3E8B2256E355}.Partial Debug|Mixed Platforms.Build.0 = Partial Debug|x86
		{05E9B516-6438-48C5-B334-3E8B2256E355}.Partial Debug|x86.ActiveCfg = Partial Debug|x86
		{05E9B516-6438-48C5-B334-3E8B2256E355}.Partial Debug|x86.Build.0 = Partial Debug|x86
		{05E9B516-6438-48C5-B334-3E8B2256E355}.Release|Any CPU.ActiveCfg = Release|Any CPU
		{05E9B516-6438-48C5-B334-3E8B2256E355}.Release|Any CPU.Build.0 = Release|Any CPU
		{05E9B516-6438-48C5-B334-3E8B2256E355}.Release|Mixed Platforms.ActiveCfg = Release|Any CPU
		{05E9B516-6438-48C5-B334-3E8B2256E355}.Release|Mixed Platforms.Build.0 = Release|Any CPU
		{05E9B516-6438-48C5-B334-3E8B2256E355}.Release|x86.ActiveCfg = Release|Any CPU
		{05E9B516-6438-48C5-B334-3E8B2256E355}.Release|x86.Build.0 = Release|Any CPU
		{05E9B516-6438-48C5-B334-3E8B2256E355}.SingleImage|Any CPU.ActiveCfg = Partisl Build|Any CPU
		{05E9B516-6438-48C5-B334-3E8B2256E355}.SingleImage|Any CPU.Build.0 = Partisl Build|Any CPU
		{05E9B516-6438-48C5-B334-3E8B2256E355}.SingleImage|Mixed Platforms.ActiveCfg = Partisl Build|x86
		{05E9B516-6438-48C5-B334-3E8B2256E355}.SingleImage|Mixed Platforms.Build.0 = Partisl Build|x86
		{05E9B516-6438-48C5-B334-3E8B2256E355}.SingleImage|x86.ActiveCfg = Partisl Build|x86
		{05E9B516-6438-48C5-B334-3E8B2256E355}.SingleImage|x86.Build.0 = Partisl Build|x86
		{672E3BB7-35E3-43F0-95D1-3A0E15E6E502}.CD_ROM|Any CPU.ActiveCfg = Partisl Build|Any CPU
		{672E3BB7-35E3-43F0-95D1-3A0E15E6E502}.CD_ROM|Any CPU.Build.0 = Partisl Build|Any CPU
		{672E3BB7-35E3-43F0-95D1-3A0E15E6E502}.CD_ROM|Mixed Platforms.ActiveCfg = Partisl Build|x86
		{672E3BB7-35E3-43F0-95D1-3A0E15E6E502}.CD_ROM|Mixed Platforms.Build.0 = Partisl Build|x86
		{672E3BB7-35E3-43F0-95D1-3A0E15E6E502}.CD_ROM|x86.ActiveCfg = Partisl Build|x86
		{672E3BB7-35E3-43F0-95D1-3A0E15E6E502}.CD_ROM|x86.Build.0 = Partisl Build|x86
		{672E3BB7-35E3-43F0-95D1-3A0E15E6E502}.Debug|Any CPU.ActiveCfg = Debug|Any CPU
		{672E3BB7-35E3-43F0-95D1-3A0E15E6E502}.Debug|Any CPU.Build.0 = Debug|Any CPU
		{672E3BB7-35E3-43F0-95D1-3A0E15E6E502}.Debug|Mixed Platforms.ActiveCfg = Debug|Any CPU
		{672E3BB7-35E3-43F0-95D1-3A0E15E6E502}.Debug|Mixed Platforms.Build.0 = Debug|Any CPU
		{672E3BB7-35E3-43F0-95D1-3A0E15E6E502}.Debug|x86.ActiveCfg = Debug|x86
		{672E3BB7-35E3-43F0-95D1-3A0E15E6E502}.Debug|x86.Build.0 = Debug|x86
		{672E3BB7-35E3-43F0-95D1-3A0E15E6E502}.DVD-5|Any CPU.ActiveCfg = Debug|Any CPU
		{672E3BB7-35E3-43F0-95D1-3A0E15E6E502}.DVD-5|Any CPU.Build.0 = Debug|Any CPU
		{672E3BB7-35E3-43F0-95D1-3A0E15E6E502}.DVD-5|Mixed Platforms.ActiveCfg = Debug|x86
		{672E3BB7-35E3-43F0-95D1-3A0E15E6E502}.DVD-5|Mixed Platforms.Build.0 = Debug|x86
		{672E3BB7-35E3-43F0-95D1-3A0E15E6E502}.DVD-5|x86.ActiveCfg = Debug|x86
		{672E3BB7-35E3-43F0-95D1-3A0E15E6E502}.DVD-5|x86.Build.0 = Debug|x86
		{672E3BB7-35E3-43F0-95D1-3A0E15E6E502}.Partial Debug|Any CPU.ActiveCfg = Partial Debug|Any CPU
		{672E3BB7-35E3-43F0-95D1-3A0E15E6E502}.Partial Debug|Any CPU.Build.0 = Partial Debug|Any CPU
		{672E3BB7-35E3-43F0-95D1-3A0E15E6E502}.Partial Debug|Mixed Platforms.ActiveCfg = Partial Debug|x86
		{672E3BB7-35E3-43F0-95D1-3A0E15E6E502}.Partial Debug|Mixed Platforms.Build.0 = Partial Debug|x86
		{672E3BB7-35E3-43F0-95D1-3A0E15E6E502}.Partial Debug|x86.ActiveCfg = Partial Debug|x86
		{672E3BB7-35E3-43F0-95D1-3A0E15E6E502}.Partial Debug|x86.Build.0 = Partial Debug|x86
		{672E3BB7-35E3-43F0-95D1-3A0E15E6E502}.Release|Any CPU.ActiveCfg = Release|Any CPU
		{672E3BB7-35E3-43F0-95D1-3A0E15E6E502}.Release|Any CPU.Build.0 = Release|Any CPU
		{672E3BB7-35E3-43F0-95D1-3A0E15E6E502}.Release|Mixed Platforms.ActiveCfg = Release|Any CPU
		{672E3BB7-35E3-43F0-95D1-3A0E15E6E502}.Release|Mixed Platforms.Build.0 = Release|Any CPU
		{672E3BB7-35E3-43F0-95D1-3A0E15E6E502}.Release|x86.ActiveCfg = Release|Any CPU
		{672E3BB7-35E3-43F0-95D1-3A0E15E6E502}.Release|x86.Build.0 = Release|Any CPU
		{672E3BB7-35E3-43F0-95D1-3A0E15E6E502}.SingleImage|Any CPU.ActiveCfg = Partisl Build|Any CPU
		{672E3BB7-35E3-43F0-95D1-3A0E15E6E502}.SingleImage|Any CPU.Build.0 = Partisl Build|Any CPU
		{672E3BB7-35E3-43F0-95D1-3A0E15E6E502}.SingleImage|Mixed Platforms.ActiveCfg = Partisl Build|x86
		{672E3BB7-35E3-43F0-95D1-3A0E15E6E502}.SingleImage|Mixed Platforms.Build.0 = Partisl Build|x86
		{672E3BB7-35E3-43F0-95D1-3A0E15E6E502}.SingleImage|x86.ActiveCfg = Partisl Build|x86
		{672E3BB7-35E3-43F0-95D1-3A0E15E6E502}.SingleImage|x86.Build.0 = Partisl Build|x86
		{4E41DDD6-86FA-4B0B-9062-241187E456F8}.CD_ROM|Any CPU.ActiveCfg = Partisl Build|Any CPU
		{4E41DDD6-86FA-4B0B-9062-241187E456F8}.CD_ROM|Any CPU.Build.0 = Partisl Build|Any CPU
		{4E41DDD6-86FA-4B0B-9062-241187E456F8}.CD_ROM|Mixed Platforms.ActiveCfg = Partisl Build|x86
		{4E41DDD6-86FA-4B0B-9062-241187E456F8}.CD_ROM|Mixed Platforms.Build.0 = Partisl Build|x86
		{4E41DDD6-86FA-4B0B-9062-241187E456F8}.CD_ROM|x86.ActiveCfg = Partisl Build|x86
		{4E41DDD6-86FA-4B0B-9062-241187E456F8}.CD_ROM|x86.Build.0 = Partisl Build|x86
		{4E41DDD6-86FA-4B0B-9062-241187E456F8}.Debug|Any CPU.ActiveCfg = Debug|Any CPU
		{4E41DDD6-86FA-4B0B-9062-241187E456F8}.Debug|Any CPU.Build.0 = Debug|Any CPU
		{4E41DDD6-86FA-4B0B-9062-241187E456F8}.Debug|Mixed Platforms.ActiveCfg = Debug|Any CPU
		{4E41DDD6-86FA-4B0B-9062-241187E456F8}.Debug|Mixed Platforms.Build.0 = Debug|Any CPU
		{4E41DDD6-86FA-4B0B-9062-241187E456F8}.Debug|x86.ActiveCfg = Debug|x86
		{4E41DDD6-86FA-4B0B-9062-241187E456F8}.Debug|x86.Build.0 = Debug|x86
		{4E41DDD6-86FA-4B0B-9062-241187E456F8}.DVD-5|Any CPU.ActiveCfg = Debug|Any CPU
		{4E41DDD6-86FA-4B0B-9062-241187E456F8}.DVD-5|Any CPU.Build.0 = Debug|Any CPU
		{4E41DDD6-86FA-4B0B-9062-241187E456F8}.DVD-5|Mixed Platforms.ActiveCfg = Debug|x86
		{4E41DDD6-86FA-4B0B-9062-241187E456F8}.DVD-5|Mixed Platforms.Build.0 = Debug|x86
		{4E41DDD6-86FA-4B0B-9062-241187E456F8}.DVD-5|x86.ActiveCfg = Debug|x86
		{4E41DDD6-86FA-4B0B-9062-241187E456F8}.DVD-5|x86.Build.0 = Debug|x86
		{4E41DDD6-86FA-4B0B-9062-241187E456F8}.Partial Debug|Any CPU.ActiveCfg = Partial Debug|Any CPU
		{4E41DDD6-86FA-4B0B-9062-241187E456F8}.Partial Debug|Any CPU.Build.0 = Partial Debug|Any CPU
		{4E41DDD6-86FA-4B0B-9062-241187E456F8}.Partial Debug|Mixed Platforms.ActiveCfg = Partial Debug|x86
		{4E41DDD6-86FA-4B0B-9062-241187E456F8}.Partial Debug|Mixed Platforms.Build.0 = Partial Debug|x86
		{4E41DDD6-86FA-4B0B-9062-241187E456F8}.Partial Debug|x86.ActiveCfg = Partial Debug|x86
		{4E41DDD6-86FA-4B0B-9062-241187E456F8}.Partial Debug|x86.Build.0 = Partial Debug|x86
		{4E41DDD6-86FA-4B0B-9062-241187E456F8}.Release|Any CPU.ActiveCfg = Release|Any CPU
		{4E41DDD6-86FA-4B0B-9062-241187E456F8}.Release|Any CPU.Build.0 = Release|Any CPU
		{4E41DDD6-86FA-4B0B-9062-241187E456F8}.Release|Mixed Platforms.ActiveCfg = Release|Any CPU
		{4E41DDD6-86FA-4B0B-9062-241187E456F8}.Release|Mixed Platforms.Build.0 = Release|Any CPU
		{4E41DDD6-86FA-4B0B-9062-241187E456F8}.Release|x86.ActiveCfg = Release|Any CPU
		{4E41DDD6-86FA-4B0B-9062-241187E456F8}.Release|x86.Build.0 = Release|Any CPU
		{4E41DDD6-86FA-4B0B-9062-241187E456F8}.SingleImage|Any CPU.ActiveCfg = Partisl Build|Any CPU
		{4E41DDD6-86FA-4B0B-9062-241187E456F8}.SingleImage|Any CPU.Build.0 = Partisl Build|Any CPU
		{4E41DDD6-86FA-4B0B-9062-241187E456F8}.SingleImage|Mixed Platforms.ActiveCfg = Partisl Build|x86
		{4E41DDD6-86FA-4B0B-9062-241187E456F8}.SingleImage|Mixed Platforms.Build.0 = Partisl Build|x86
		{4E41DDD6-86FA-4B0B-9062-241187E456F8}.SingleImage|x86.ActiveCfg = Partisl Build|x86
		{4E41DDD6-86FA-4B0B-9062-241187E456F8}.SingleImage|x86.Build.0 = Partisl Build|x86
		{F08CDD18-A933-4D28-9388-9BA2208E6894}.CD_ROM|Any CPU.ActiveCfg = Partisl Build|Any CPU
		{F08CDD18-A933-4D28-9388-9BA2208E6894}.CD_ROM|Any CPU.Build.0 = Partisl Build|Any CPU
		{F08CDD18-A933-4D28-9388-9BA2208E6894}.CD_ROM|Mixed Platforms.ActiveCfg = Partisl Build|x86
		{F08CDD18-A933-4D28-9388-9BA2208E6894}.CD_ROM|Mixed Platforms.Build.0 = Partisl Build|x86
		{F08CDD18-A933-4D28-9388-9BA2208E6894}.CD_ROM|x86.ActiveCfg = Partisl Build|x86
		{F08CDD18-A933-4D28-9388-9BA2208E6894}.CD_ROM|x86.Build.0 = Partisl Build|x86
		{F08CDD18-A933-4D28-9388-9BA2208E6894}.Debug|Any CPU.ActiveCfg = Debug|Any CPU
		{F08CDD18-A933-4D28-9388-9BA2208E6894}.Debug|Any CPU.Build.0 = Debug|Any CPU
		{F08CDD18-A933-4D28-9388-9BA2208E6894}.Debug|Mixed Platforms.ActiveCfg = Debug|Any CPU
		{F08CDD18-A933-4D28-9388-9BA2208E6894}.Debug|Mixed Platforms.Build.0 = Debug|Any CPU
		{F08CDD18-A933-4D28-9388-9BA2208E6894}.Debug|x86.ActiveCfg = Debug|x86
		{F08CDD18-A933-4D28-9388-9BA2208E6894}.Debug|x86.Build.0 = Debug|x86
		{F08CDD18-A933-4D28-9388-9BA2208E6894}.DVD-5|Any CPU.ActiveCfg = Debug|Any CPU
		{F08CDD18-A933-4D28-9388-9BA2208E6894}.DVD-5|Any CPU.Build.0 = Debug|Any CPU
		{F08CDD18-A933-4D28-9388-9BA2208E6894}.DVD-5|Mixed Platforms.ActiveCfg = Debug|x86
		{F08CDD18-A933-4D28-9388-9BA2208E6894}.DVD-5|Mixed Platforms.Build.0 = Debug|x86
		{F08CDD18-A933-4D28-9388-9BA2208E6894}.DVD-5|x86.ActiveCfg = Debug|x86
		{F08CDD18-A933-4D28-9388-9BA2208E6894}.DVD-5|x86.Build.0 = Debug|x86
		{F08CDD18-A933-4D28-9388-9BA2208E6894}.Partial Debug|Any CPU.ActiveCfg = Partial Debug|Any CPU
		{F08CDD18-A933-4D28-9388-9BA2208E6894}.Partial Debug|Any CPU.Build.0 = Partial Debug|Any CPU
		{F08CDD18-A933-4D28-9388-9BA2208E6894}.Partial Debug|Mixed Platforms.ActiveCfg = Partial Debug|x86
		{F08CDD18-A933-4D28-9388-9BA2208E6894}.Partial Debug|Mixed Platforms.Build.0 = Partial Debug|x86
		{F08CDD18-A933-4D28-9388-9BA2208E6894}.Partial Debug|x86.ActiveCfg = Partial Debug|x86
		{F08CDD18-A933-4D28-9388-9BA2208E6894}.Partial Debug|x86.Build.0 = Partial Debug|x86
		{F08CDD18-A933-4D28-9388-9BA2208E6894}.Release|Any CPU.ActiveCfg = Release|Any CPU
		{F08CDD18-A933-4D28-9388-9BA2208E6894}.Release|Any CPU.Build.0 = Release|Any CPU
		{F08CDD18-A933-4D28-9388-9BA2208E6894}.Release|Mixed Platforms.ActiveCfg = Release|Any CPU
		{F08CDD18-A933-4D28-9388-9BA2208E6894}.Release|Mixed Platforms.Build.0 = Release|Any CPU
		{F08CDD18-A933-4D28-9388-9BA2208E6894}.Release|x86.ActiveCfg = Release|Any CPU
		{F08CDD18-A933-4D28-9388-9BA2208E6894}.Release|x86.Build.0 = Release|Any CPU
		{F08CDD18-A933-4D28-9388-9BA2208E6894}.SingleImage|Any CPU.ActiveCfg = Partisl Build|Any CPU
		{F08CDD18-A933-4D28-9388-9BA2208E6894}.SingleImage|Any CPU.Build.0 = Partisl Build|Any CPU
		{F08CDD18-A933-4D28-9388-9BA2208E6894}.SingleImage|Mixed Platforms.ActiveCfg = Partisl Build|x86
		{F08CDD18-A933-4D28-9388-9BA2208E6894}.SingleImage|Mixed Platforms.Build.0 = Partisl Build|x86
		{F08CDD18-A933-4D28-9388-9BA2208E6894}.SingleImage|x86.ActiveCfg = Partisl Build|x86
		{F08CDD18-A933-4D28-9388-9BA2208E6894}.SingleImage|x86.Build.0 = Partisl Build|x86
		{A6FBDCE8-CC67-4B70-80F0-8DE1CA5CF89D}.CD_ROM|Any CPU.ActiveCfg = Partisl Build|Any CPU
		{A6FBDCE8-CC67-4B70-80F0-8DE1CA5CF89D}.CD_ROM|Any CPU.Build.0 = Partisl Build|Any CPU
		{A6FBDCE8-CC67-4B70-80F0-8DE1CA5CF89D}.CD_ROM|Mixed Platforms.ActiveCfg = Partisl Build|x86
		{A6FBDCE8-CC67-4B70-80F0-8DE1CA5CF89D}.CD_ROM|Mixed Platforms.Build.0 = Partisl Build|x86
		{A6FBDCE8-CC67-4B70-80F0-8DE1CA5CF89D}.CD_ROM|x86.ActiveCfg = Partisl Build|x86
		{A6FBDCE8-CC67-4B70-80F0-8DE1CA5CF89D}.CD_ROM|x86.Build.0 = Partisl Build|x86
		{A6FBDCE8-CC67-4B70-80F0-8DE1CA5CF89D}.Debug|Any CPU.ActiveCfg = Debug|Any CPU
		{A6FBDCE8-CC67-4B70-80F0-8DE1CA5CF89D}.Debug|Any CPU.Build.0 = Debug|Any CPU
		{A6FBDCE8-CC67-4B70-80F0-8DE1CA5CF89D}.Debug|Mixed Platforms.ActiveCfg = Debug|Any CPU
		{A6FBDCE8-CC67-4B70-80F0-8DE1CA5CF89D}.Debug|Mixed Platforms.Build.0 = Debug|Any CPU
		{A6FBDCE8-CC67-4B70-80F0-8DE1CA5CF89D}.Debug|x86.ActiveCfg = Debug|x86
		{A6FBDCE8-CC67-4B70-80F0-8DE1CA5CF89D}.Debug|x86.Build.0 = Debug|x86
		{A6FBDCE8-CC67-4B70-80F0-8DE1CA5CF89D}.DVD-5|Any CPU.ActiveCfg = Debug|Any CPU
		{A6FBDCE8-CC67-4B70-80F0-8DE1CA5CF89D}.DVD-5|Any CPU.Build.0 = Debug|Any CPU
		{A6FBDCE8-CC67-4B70-80F0-8DE1CA5CF89D}.DVD-5|Mixed Platforms.ActiveCfg = Debug|x86
		{A6FBDCE8-CC67-4B70-80F0-8DE1CA5CF89D}.DVD-5|Mixed Platforms.Build.0 = Debug|x86
		{A6FBDCE8-CC67-4B70-80F0-8DE1CA5CF89D}.DVD-5|x86.ActiveCfg = Debug|x86
		{A6FBDCE8-CC67-4B70-80F0-8DE1CA5CF89D}.DVD-5|x86.Build.0 = Debug|x86
		{A6FBDCE8-CC67-4B70-80F0-8DE1CA5CF89D}.Partial Debug|Any CPU.ActiveCfg = Partial Debug|Any CPU
		{A6FBDCE8-CC67-4B70-80F0-8DE1CA5CF89D}.Partial Debug|Mixed Platforms.ActiveCfg = Partial Debug|x86
		{A6FBDCE8-CC67-4B70-80F0-8DE1CA5CF89D}.Partial Debug|Mixed Platforms.Build.0 = Partial Debug|x86
		{A6FBDCE8-CC67-4B70-80F0-8DE1CA5CF89D}.Partial Debug|x86.ActiveCfg = Partial Debug|x86
		{A6FBDCE8-CC67-4B70-80F0-8DE1CA5CF89D}.Release|Any CPU.ActiveCfg = Release|Any CPU
		{A6FBDCE8-CC67-4B70-80F0-8DE1CA5CF89D}.Release|Any CPU.Build.0 = Release|Any CPU
		{A6FBDCE8-CC67-4B70-80F0-8DE1CA5CF89D}.Release|Mixed Platforms.ActiveCfg = Release|Any CPU
		{A6FBDCE8-CC67-4B70-80F0-8DE1CA5CF89D}.Release|Mixed Platforms.Build.0 = Release|Any CPU
		{A6FBDCE8-CC67-4B70-80F0-8DE1CA5CF89D}.Release|x86.ActiveCfg = Release|Any CPU
		{A6FBDCE8-CC67-4B70-80F0-8DE1CA5CF89D}.SingleImage|Any CPU.ActiveCfg = Partisl Build|Any CPU
		{A6FBDCE8-CC67-4B70-80F0-8DE1CA5CF89D}.SingleImage|Any CPU.Build.0 = Partisl Build|Any CPU
		{A6FBDCE8-CC67-4B70-80F0-8DE1CA5CF89D}.SingleImage|Mixed Platforms.ActiveCfg = Partisl Build|x86
		{A6FBDCE8-CC67-4B70-80F0-8DE1CA5CF89D}.SingleImage|Mixed Platforms.Build.0 = Partisl Build|x86
		{A6FBDCE8-CC67-4B70-80F0-8DE1CA5CF89D}.SingleImage|x86.ActiveCfg = Partisl Build|x86
		{A6FBDCE8-CC67-4B70-80F0-8DE1CA5CF89D}.SingleImage|x86.Build.0 = Partisl Build|x86
		{3BB6F4F5-88DE-4E0F-B161-49FA1FB0E4A6}.CD_ROM|Any CPU.ActiveCfg = Partisl Build|Any CPU
		{3BB6F4F5-88DE-4E0F-B161-49FA1FB0E4A6}.CD_ROM|Any CPU.Build.0 = Partisl Build|Any CPU
		{3BB6F4F5-88DE-4E0F-B161-49FA1FB0E4A6}.CD_ROM|Mixed Platforms.ActiveCfg = Partisl Build|x86
		{3BB6F4F5-88DE-4E0F-B161-49FA1FB0E4A6}.CD_ROM|Mixed Platforms.Build.0 = Partisl Build|x86
		{3BB6F4F5-88DE-4E0F-B161-49FA1FB0E4A6}.CD_ROM|x86.ActiveCfg = Partisl Build|x86
		{3BB6F4F5-88DE-4E0F-B161-49FA1FB0E4A6}.CD_ROM|x86.Build.0 = Partisl Build|x86
		{3BB6F4F5-88DE-4E0F-B161-49FA1FB0E4A6}.Debug|Any CPU.ActiveCfg = Debug|Any CPU
		{3BB6F4F5-88DE-4E0F-B161-49FA1FB0E4A6}.Debug|Any CPU.Build.0 = Debug|Any CPU
		{3BB6F4F5-88DE-4E0F-B161-49FA1FB0E4A6}.Debug|Mixed Platforms.ActiveCfg = Debug|Any CPU
		{3BB6F4F5-88DE-4E0F-B161-49FA1FB0E4A6}.Debug|Mixed Platforms.Build.0 = Debug|Any CPU
		{3BB6F4F5-88DE-4E0F-B161-49FA1FB0E4A6}.Debug|x86.ActiveCfg = Debug|x86
		{3BB6F4F5-88DE-4E0F-B161-49FA1FB0E4A6}.Debug|x86.Build.0 = Debug|x86
		{3BB6F4F5-88DE-4E0F-B161-49FA1FB0E4A6}.DVD-5|Any CPU.ActiveCfg = Debug|Any CPU
		{3BB6F4F5-88DE-4E0F-B161-49FA1FB0E4A6}.DVD-5|Any CPU.Build.0 = Debug|Any CPU
		{3BB6F4F5-88DE-4E0F-B161-49FA1FB0E4A6}.DVD-5|Mixed Platforms.ActiveCfg = Debug|x86
		{3BB6F4F5-88DE-4E0F-B161-49FA1FB0E4A6}.DVD-5|Mixed Platforms.Build.0 = Debug|x86
		{3BB6F4F5-88DE-4E0F-B161-49FA1FB0E4A6}.DVD-5|x86.ActiveCfg = Debug|x86
		{3BB6F4F5-88DE-4E0F-B161-49FA1FB0E4A6}.DVD-5|x86.Build.0 = Debug|x86
		{3BB6F4F5-88DE-4E0F-B161-49FA1FB0E4A6}.Partial Debug|Any CPU.ActiveCfg = Partial Debug|Any CPU
		{3BB6F4F5-88DE-4E0F-B161-49FA1FB0E4A6}.Partial Debug|Mixed Platforms.ActiveCfg = Partial Debug|x86
		{3BB6F4F5-88DE-4E0F-B161-49FA1FB0E4A6}.Partial Debug|Mixed Platforms.Build.0 = Partial Debug|x86
		{3BB6F4F5-88DE-4E0F-B161-49FA1FB0E4A6}.Partial Debug|x86.ActiveCfg = Partial Debug|x86
		{3BB6F4F5-88DE-4E0F-B161-49FA1FB0E4A6}.Release|Any CPU.ActiveCfg = Release|Any CPU
		{3BB6F4F5-88DE-4E0F-B161-49FA1FB0E4A6}.Release|Any CPU.Build.0 = Release|Any CPU
		{3BB6F4F5-88DE-4E0F-B161-49FA1FB0E4A6}.Release|Mixed Platforms.ActiveCfg = Release|Any CPU
		{3BB6F4F5-88DE-4E0F-B161-49FA1FB0E4A6}.Release|Mixed Platforms.Build.0 = Release|Any CPU
		{3BB6F4F5-88DE-4E0F-B161-49FA1FB0E4A6}.Release|x86.ActiveCfg = Release|Any CPU
		{3BB6F4F5-88DE-4E0F-B161-49FA1FB0E4A6}.SingleImage|Any CPU.ActiveCfg = Partisl Build|Any CPU
		{3BB6F4F5-88DE-4E0F-B161-49FA1FB0E4A6}.SingleImage|Any CPU.Build.0 = Partisl Build|Any CPU
		{3BB6F4F5-88DE-4E0F-B161-49FA1FB0E4A6}.SingleImage|Mixed Platforms.ActiveCfg = Partisl Build|x86
		{3BB6F4F5-88DE-4E0F-B161-49FA1FB0E4A6}.SingleImage|Mixed Platforms.Build.0 = Partisl Build|x86
		{3BB6F4F5-88DE-4E0F-B161-49FA1FB0E4A6}.SingleImage|x86.ActiveCfg = Partisl Build|x86
		{3BB6F4F5-88DE-4E0F-B161-49FA1FB0E4A6}.SingleImage|x86.Build.0 = Partisl Build|x86
		{033332E2-3824-4334-A670-11D1548BACF7}.CD_ROM|Any CPU.ActiveCfg = Partisl Build|Any CPU
		{033332E2-3824-4334-A670-11D1548BACF7}.CD_ROM|Any CPU.Build.0 = Partisl Build|Any CPU
		{033332E2-3824-4334-A670-11D1548BACF7}.CD_ROM|Mixed Platforms.ActiveCfg = Partisl Build|x86
		{033332E2-3824-4334-A670-11D1548BACF7}.CD_ROM|Mixed Platforms.Build.0 = Partisl Build|x86
		{033332E2-3824-4334-A670-11D1548BACF7}.CD_ROM|x86.ActiveCfg = Partisl Build|x86
		{033332E2-3824-4334-A670-11D1548BACF7}.CD_ROM|x86.Build.0 = Partisl Build|x86
		{033332E2-3824-4334-A670-11D1548BACF7}.Debug|Any CPU.ActiveCfg = Debug|Any CPU
		{033332E2-3824-4334-A670-11D1548BACF7}.Debug|Any CPU.Build.0 = Debug|Any CPU
		{033332E2-3824-4334-A670-11D1548BACF7}.Debug|Mixed Platforms.ActiveCfg = Debug|Any CPU
		{033332E2-3824-4334-A670-11D1548BACF7}.Debug|Mixed Platforms.Build.0 = Debug|Any CPU
		{033332E2-3824-4334-A670-11D1548BACF7}.Debug|x86.ActiveCfg = Debug|x86
		{033332E2-3824-4334-A670-11D1548BACF7}.Debug|x86.Build.0 = Debug|x86
		{033332E2-3824-4334-A670-11D1548BACF7}.Debug|x86.Deploy.0 = Debug|x86
		{033332E2-3824-4334-A670-11D1548BACF7}.DVD-5|Any CPU.ActiveCfg = Debug|Any CPU
		{033332E2-3824-4334-A670-11D1548BACF7}.DVD-5|Any CPU.Build.0 = Debug|Any CPU
		{033332E2-3824-4334-A670-11D1548BACF7}.DVD-5|Mixed Platforms.ActiveCfg = Debug|x86
		{033332E2-3824-4334-A670-11D1548BACF7}.DVD-5|Mixed Platforms.Build.0 = Debug|x86
		{033332E2-3824-4334-A670-11D1548BACF7}.DVD-5|x86.ActiveCfg = Debug|x86
		{033332E2-3824-4334-A670-11D1548BACF7}.DVD-5|x86.Build.0 = Debug|x86
		{033332E2-3824-4334-A670-11D1548BACF7}.Partial Debug|Any CPU.ActiveCfg = Partial Debug|Any CPU
		{033332E2-3824-4334-A670-11D1548BACF7}.Partial Debug|Any CPU.Build.0 = Partial Debug|Any CPU
		{033332E2-3824-4334-A670-11D1548BACF7}.Partial Debug|Mixed Platforms.ActiveCfg = Partial Debug|x86
		{033332E2-3824-4334-A670-11D1548BACF7}.Partial Debug|Mixed Platforms.Build.0 = Partial Debug|x86
		{033332E2-3824-4334-A670-11D1548BACF7}.Partial Debug|x86.ActiveCfg = Partial Debug|x86
		{033332E2-3824-4334-A670-11D1548BACF7}.Release|Any CPU.ActiveCfg = Release|Any CPU
		{033332E2-3824-4334-A670-11D1548BACF7}.Release|Any CPU.Build.0 = Release|Any CPU
		{033332E2-3824-4334-A670-11D1548BACF7}.Release|Mixed Platforms.ActiveCfg = Release|Any CPU
		{033332E2-3824-4334-A670-11D1548BACF7}.Release|Mixed Platforms.Build.0 = Release|Any CPU
		{033332E2-3824-4334-A670-11D1548BACF7}.Release|x86.ActiveCfg = Release|Any CPU
		{033332E2-3824-4334-A670-11D1548BACF7}.SingleImage|Any CPU.ActiveCfg = Partisl Build|Any CPU
		{033332E2-3824-4334-A670-11D1548BACF7}.SingleImage|Any CPU.Build.0 = Partisl Build|Any CPU
		{033332E2-3824-4334-A670-11D1548BACF7}.SingleImage|Mixed Platforms.ActiveCfg = Partisl Build|x86
		{033332E2-3824-4334-A670-11D1548BACF7}.SingleImage|Mixed Platforms.Build.0 = Partisl Build|x86
		{033332E2-3824-4334-A670-11D1548BACF7}.SingleImage|x86.ActiveCfg = Partisl Build|x86
		{033332E2-3824-4334-A670-11D1548BACF7}.SingleImage|x86.Build.0 = Partisl Build|x86
		{ED157C3E-AB25-4190-A11F-1BB614487189}.CD_ROM|Any CPU.ActiveCfg = Release|Any CPU
		{ED157C3E-AB25-4190-A11F-1BB614487189}.CD_ROM|Any CPU.Build.0 = Release|Any CPU
		{ED157C3E-AB25-4190-A11F-1BB614487189}.CD_ROM|Mixed Platforms.ActiveCfg = Release|Any CPU
		{ED157C3E-AB25-4190-A11F-1BB614487189}.CD_ROM|Mixed Platforms.Build.0 = Release|Any CPU
		{ED157C3E-AB25-4190-A11F-1BB614487189}.CD_ROM|x86.ActiveCfg = Release|Any CPU
		{ED157C3E-AB25-4190-A11F-1BB614487189}.Debug|Any CPU.ActiveCfg = Debug|Any CPU
		{ED157C3E-AB25-4190-A11F-1BB614487189}.Debug|Any CPU.Build.0 = Debug|Any CPU
		{ED157C3E-AB25-4190-A11F-1BB614487189}.Debug|Mixed Platforms.ActiveCfg = Debug|Any CPU
		{ED157C3E-AB25-4190-A11F-1BB614487189}.Debug|Mixed Platforms.Build.0 = Debug|Any CPU
		{ED157C3E-AB25-4190-A11F-1BB614487189}.Debug|x86.ActiveCfg = Debug|Any CPU
		{ED157C3E-AB25-4190-A11F-1BB614487189}.DVD-5|Any CPU.ActiveCfg = Debug|Any CPU
		{ED157C3E-AB25-4190-A11F-1BB614487189}.DVD-5|Any CPU.Build.0 = Debug|Any CPU
		{ED157C3E-AB25-4190-A11F-1BB614487189}.DVD-5|Mixed Platforms.ActiveCfg = Debug|Any CPU
		{ED157C3E-AB25-4190-A11F-1BB614487189}.DVD-5|Mixed Platforms.Build.0 = Debug|Any CPU
		{ED157C3E-AB25-4190-A11F-1BB614487189}.DVD-5|x86.ActiveCfg = Debug|Any CPU
		{ED157C3E-AB25-4190-A11F-1BB614487189}.Partial Debug|Any CPU.ActiveCfg = Debug|Any CPU
		{ED157C3E-AB25-4190-A11F-1BB614487189}.Partial Debug|Any CPU.Build.0 = Debug|Any CPU
		{ED157C3E-AB25-4190-A11F-1BB614487189}.Partial Debug|Mixed Platforms.ActiveCfg = Debug|Any CPU
		{ED157C3E-AB25-4190-A11F-1BB614487189}.Partial Debug|Mixed Platforms.Build.0 = Debug|Any CPU
		{ED157C3E-AB25-4190-A11F-1BB614487189}.Partial Debug|x86.ActiveCfg = Debug|Any CPU
		{ED157C3E-AB25-4190-A11F-1BB614487189}.Release|Any CPU.ActiveCfg = Release|Any CPU
		{ED157C3E-AB25-4190-A11F-1BB614487189}.Release|Any CPU.Build.0 = Release|Any CPU
		{ED157C3E-AB25-4190-A11F-1BB614487189}.Release|Mixed Platforms.ActiveCfg = Release|Any CPU
		{ED157C3E-AB25-4190-A11F-1BB614487189}.Release|Mixed Platforms.Build.0 = Release|Any CPU
		{ED157C3E-AB25-4190-A11F-1BB614487189}.Release|x86.ActiveCfg = Release|Any CPU
		{ED157C3E-AB25-4190-A11F-1BB614487189}.SingleImage|Any CPU.ActiveCfg = Release|Any CPU
		{ED157C3E-AB25-4190-A11F-1BB614487189}.SingleImage|Any CPU.Build.0 = Release|Any CPU
		{ED157C3E-AB25-4190-A11F-1BB614487189}.SingleImage|Mixed Platforms.ActiveCfg = Release|Any CPU
		{ED157C3E-AB25-4190-A11F-1BB614487189}.SingleImage|Mixed Platforms.Build.0 = Release|Any CPU
		{ED157C3E-AB25-4190-A11F-1BB614487189}.SingleImage|x86.ActiveCfg = Release|Any CPU
		{CE8FA354-321F-4EA1-933A-5444520D000E}.CD_ROM|Any CPU.ActiveCfg = Release|Any CPU
		{CE8FA354-321F-4EA1-933A-5444520D000E}.CD_ROM|Any CPU.Build.0 = Release|Any CPU
		{CE8FA354-321F-4EA1-933A-5444520D000E}.CD_ROM|Mixed Platforms.ActiveCfg = Release|Any CPU
		{CE8FA354-321F-4EA1-933A-5444520D000E}.CD_ROM|Mixed Platforms.Build.0 = Release|Any CPU
		{CE8FA354-321F-4EA1-933A-5444520D000E}.CD_ROM|x86.ActiveCfg = Release|Any CPU
		{CE8FA354-321F-4EA1-933A-5444520D000E}.Debug|Any CPU.ActiveCfg = Debug|Any CPU
		{CE8FA354-321F-4EA1-933A-5444520D000E}.Debug|Any CPU.Build.0 = Debug|Any CPU
		{CE8FA354-321F-4EA1-933A-5444520D000E}.Debug|Mixed Platforms.ActiveCfg = Debug|Any CPU
		{CE8FA354-321F-4EA1-933A-5444520D000E}.Debug|Mixed Platforms.Build.0 = Debug|Any CPU
		{CE8FA354-321F-4EA1-933A-5444520D000E}.Debug|x86.ActiveCfg = Debug|Any CPU
		{CE8FA354-321F-4EA1-933A-5444520D000E}.DVD-5|Any CPU.ActiveCfg = Debug|Any CPU
		{CE8FA354-321F-4EA1-933A-5444520D000E}.DVD-5|Any CPU.Build.0 = Debug|Any CPU
		{CE8FA354-321F-4EA1-933A-5444520D000E}.DVD-5|Mixed Platforms.ActiveCfg = Debug|Any CPU
		{CE8FA354-321F-4EA1-933A-5444520D000E}.DVD-5|Mixed Platforms.Build.0 = Debug|Any CPU
		{CE8FA354-321F-4EA1-933A-5444520D000E}.DVD-5|x86.ActiveCfg = Debug|Any CPU
		{CE8FA354-321F-4EA1-933A-5444520D000E}.Partial Debug|Any CPU.ActiveCfg = Debug|Any CPU
		{CE8FA354-321F-4EA1-933A-5444520D000E}.Partial Debug|Any CPU.Build.0 = Debug|Any CPU
		{CE8FA354-321F-4EA1-933A-5444520D000E}.Partial Debug|Mixed Platforms.ActiveCfg = Debug|Any CPU
		{CE8FA354-321F-4EA1-933A-5444520D000E}.Partial Debug|Mixed Platforms.Build.0 = Debug|Any CPU
		{CE8FA354-321F-4EA1-933A-5444520D000E}.Partial Debug|x86.ActiveCfg = Debug|Any CPU
		{CE8FA354-321F-4EA1-933A-5444520D000E}.Release|Any CPU.ActiveCfg = Release|Any CPU
		{CE8FA354-321F-4EA1-933A-5444520D000E}.Release|Any CPU.Build.0 = Release|Any CPU
		{CE8FA354-321F-4EA1-933A-5444520D000E}.Release|Mixed Platforms.ActiveCfg = Release|Any CPU
		{CE8FA354-321F-4EA1-933A-5444520D000E}.Release|Mixed Platforms.Build.0 = Release|Any CPU
		{CE8FA354-321F-4EA1-933A-5444520D000E}.Release|x86.ActiveCfg = Release|Any CPU
		{CE8FA354-321F-4EA1-933A-5444520D000E}.SingleImage|Any CPU.ActiveCfg = Release|Any CPU
		{CE8FA354-321F-4EA1-933A-5444520D000E}.SingleImage|Any CPU.Build.0 = Release|Any CPU
		{CE8FA354-321F-4EA1-933A-5444520D000E}.SingleImage|Mixed Platforms.ActiveCfg = Release|Any CPU
		{CE8FA354-321F-4EA1-933A-5444520D000E}.SingleImage|Mixed Platforms.Build.0 = Release|Any CPU
		{CE8FA354-321F-4EA1-933A-5444520D000E}.SingleImage|x86.ActiveCfg = Release|Any CPU
		{1B68E769-0122-467D-BED9-B5097C12D049}.CD_ROM|Any CPU.ActiveCfg = Release|Any CPU
		{1B68E769-0122-467D-BED9-B5097C12D049}.CD_ROM|Any CPU.Build.0 = Release|Any CPU
		{1B68E769-0122-467D-BED9-B5097C12D049}.CD_ROM|Mixed Platforms.ActiveCfg = Release|Any CPU
		{1B68E769-0122-467D-BED9-B5097C12D049}.CD_ROM|Mixed Platforms.Build.0 = Release|Any CPU
		{1B68E769-0122-467D-BED9-B5097C12D049}.CD_ROM|x86.ActiveCfg = Release|Any CPU
		{1B68E769-0122-467D-BED9-B5097C12D049}.Debug|Any CPU.ActiveCfg = Debug|Any CPU
		{1B68E769-0122-467D-BED9-B5097C12D049}.Debug|Any CPU.Build.0 = Debug|Any CPU
		{1B68E769-0122-467D-BED9-B5097C12D049}.Debug|Mixed Platforms.ActiveCfg = Debug|Any CPU
		{1B68E769-0122-467D-BED9-B5097C12D049}.Debug|Mixed Platforms.Build.0 = Debug|Any CPU
		{1B68E769-0122-467D-BED9-B5097C12D049}.Debug|x86.ActiveCfg = Debug|Any CPU
		{1B68E769-0122-467D-BED9-B5097C12D049}.DVD-5|Any CPU.ActiveCfg = Debug|Any CPU
		{1B68E769-0122-467D-BED9-B5097C12D049}.DVD-5|Any CPU.Build.0 = Debug|Any CPU
		{1B68E769-0122-467D-BED9-B5097C12D049}.DVD-5|Mixed Platforms.ActiveCfg = Debug|Any CPU
		{1B68E769-0122-467D-BED9-B5097C12D049}.DVD-5|Mixed Platforms.Build.0 = Debug|Any CPU
		{1B68E769-0122-467D-BED9-B5097C12D049}.DVD-5|x86.ActiveCfg = Debug|Any CPU
		{1B68E769-0122-467D-BED9-B5097C12D049}.Partial Debug|Any CPU.ActiveCfg = Debug|Any CPU
		{1B68E769-0122-467D-BED9-B5097C12D049}.Partial Debug|Any CPU.Build.0 = Debug|Any CPU
		{1B68E769-0122-467D-BED9-B5097C12D049}.Partial Debug|Mixed Platforms.ActiveCfg = Debug|Any CPU
		{1B68E769-0122-467D-BED9-B5097C12D049}.Partial Debug|Mixed Platforms.Build.0 = Debug|Any CPU
		{1B68E769-0122-467D-BED9-B5097C12D049}.Partial Debug|x86.ActiveCfg = Debug|Any CPU
		{1B68E769-0122-467D-BED9-B5097C12D049}.Release|Any CPU.ActiveCfg = Release|Any CPU
		{1B68E769-0122-467D-BED9-B5097C12D049}.Release|Any CPU.Build.0 = Release|Any CPU
		{1B68E769-0122-467D-BED9-B5097C12D049}.Release|Mixed Platforms.ActiveCfg = Release|Any CPU
		{1B68E769-0122-467D-BED9-B5097C12D049}.Release|Mixed Platforms.Build.0 = Release|Any CPU
		{1B68E769-0122-467D-BED9-B5097C12D049}.Release|x86.ActiveCfg = Release|Any CPU
		{1B68E769-0122-467D-BED9-B5097C12D049}.SingleImage|Any CPU.ActiveCfg = Release|Any CPU
		{1B68E769-0122-467D-BED9-B5097C12D049}.SingleImage|Any CPU.Build.0 = Release|Any CPU
		{1B68E769-0122-467D-BED9-B5097C12D049}.SingleImage|Mixed Platforms.ActiveCfg = Release|Any CPU
		{1B68E769-0122-467D-BED9-B5097C12D049}.SingleImage|Mixed Platforms.Build.0 = Release|Any CPU
		{1B68E769-0122-467D-BED9-B5097C12D049}.SingleImage|x86.ActiveCfg = Release|Any CPU
		{8AB6D331-DF0A-4985-B98D-B4426C695880}.CD_ROM|Any CPU.ActiveCfg = Release|Any CPU
		{8AB6D331-DF0A-4985-B98D-B4426C695880}.CD_ROM|Any CPU.Build.0 = Release|Any CPU
		{8AB6D331-DF0A-4985-B98D-B4426C695880}.CD_ROM|Mixed Platforms.ActiveCfg = Release|Any CPU
		{8AB6D331-DF0A-4985-B98D-B4426C695880}.CD_ROM|Mixed Platforms.Build.0 = Release|Any CPU
		{8AB6D331-DF0A-4985-B98D-B4426C695880}.CD_ROM|x86.ActiveCfg = Release|Any CPU
		{8AB6D331-DF0A-4985-B98D-B4426C695880}.Debug|Any CPU.ActiveCfg = Debug|Any CPU
		{8AB6D331-DF0A-4985-B98D-B4426C695880}.Debug|Any CPU.Build.0 = Debug|Any CPU
		{8AB6D331-DF0A-4985-B98D-B4426C695880}.Debug|Mixed Platforms.ActiveCfg = Debug|Any CPU
		{8AB6D331-DF0A-4985-B98D-B4426C695880}.Debug|Mixed Platforms.Build.0 = Debug|Any CPU
		{8AB6D331-DF0A-4985-B98D-B4426C695880}.Debug|x86.ActiveCfg = Debug|Any CPU
		{8AB6D331-DF0A-4985-B98D-B4426C695880}.DVD-5|Any CPU.ActiveCfg = Debug|Any CPU
		{8AB6D331-DF0A-4985-B98D-B4426C695880}.DVD-5|Any CPU.Build.0 = Debug|Any CPU
		{8AB6D331-DF0A-4985-B98D-B4426C695880}.DVD-5|Mixed Platforms.ActiveCfg = Debug|Any CPU
		{8AB6D331-DF0A-4985-B98D-B4426C695880}.DVD-5|Mixed Platforms.Build.0 = Debug|Any CPU
		{8AB6D331-DF0A-4985-B98D-B4426C695880}.DVD-5|x86.ActiveCfg = Debug|Any CPU
		{8AB6D331-DF0A-4985-B98D-B4426C695880}.Partial Debug|Any CPU.ActiveCfg = Debug|Any CPU
		{8AB6D331-DF0A-4985-B98D-B4426C695880}.Partial Debug|Any CPU.Build.0 = Debug|Any CPU
		{8AB6D331-DF0A-4985-B98D-B4426C695880}.Partial Debug|Mixed Platforms.ActiveCfg = Debug|Any CPU
		{8AB6D331-DF0A-4985-B98D-B4426C695880}.Partial Debug|Mixed Platforms.Build.0 = Debug|Any CPU
		{8AB6D331-DF0A-4985-B98D-B4426C695880}.Partial Debug|x86.ActiveCfg = Debug|Any CPU
		{8AB6D331-DF0A-4985-B98D-B4426C695880}.Release|Any CPU.ActiveCfg = Release|Any CPU
		{8AB6D331-DF0A-4985-B98D-B4426C695880}.Release|Any CPU.Build.0 = Release|Any CPU
		{8AB6D331-DF0A-4985-B98D-B4426C695880}.Release|Mixed Platforms.ActiveCfg = Release|Any CPU
		{8AB6D331-DF0A-4985-B98D-B4426C695880}.Release|Mixed Platforms.Build.0 = Release|Any CPU
		{8AB6D331-DF0A-4985-B98D-B4426C695880}.Release|x86.ActiveCfg = Release|Any CPU
		{8AB6D331-DF0A-4985-B98D-B4426C695880}.SingleImage|Any CPU.ActiveCfg = Release|Any CPU
		{8AB6D331-DF0A-4985-B98D-B4426C695880}.SingleImage|Any CPU.Build.0 = Release|Any CPU
		{8AB6D331-DF0A-4985-B98D-B4426C695880}.SingleImage|Mixed Platforms.ActiveCfg = Release|Any CPU
		{8AB6D331-DF0A-4985-B98D-B4426C695880}.SingleImage|Mixed Platforms.Build.0 = Release|Any CPU
		{8AB6D331-DF0A-4985-B98D-B4426C695880}.SingleImage|x86.ActiveCfg = Release|Any CPU
	EndGlobalSection
	GlobalSection(SolutionProperties) = preSolution
		HideSolutionNode = FALSE
	EndGlobalSection
	GlobalSection(NestedProjects) = preSolution
		{9AE4C273-A775-45F0-B7C0-B2A0205B1C87} = {E7FE7568-C5AB-44CA-AE18-27D44225A6B9}
	EndGlobalSection
	GlobalSection(TestCaseManagementSettings) = postSolution
		CategoryFile = MContracts4.vsmdi
	EndGlobalSection
EndGlobal
